
Microsoft Visual Studio Solution File, Format Version 12.00
# Visual Studio Version 17
VisualStudioVersion = 17.5.002.0
MinimumVisualStudioVersion = 10.0.40219.1
Project("{9A19103F-16F7-4668-BE54-9A1E7A4F7556}") = "mywebApp", "mywebApp.csproj", "{82F72757-A6D5-4E6E-9912-95CBC3EDAE71}"
EndProject
Global
	GlobalSection(SolutionConfigurationPlatforms) = preSolution
		Debug|Any CPU = Debug|Any CPU
		Release|Any CPU = Release|Any CPU
	EndGlobalSection
	GlobalSection(ProjectConfigurationPlatforms) = postSolution
		{82F72757-A6D5-4E6E-9912-95CBC3EDAE71}.Debug|Any CPU.ActiveCfg = Debug|Any CPU
		{82F72757-A6D5-4E6E-9912-95CBC3EDAE71}.Debug|Any CPU.Build.0 = Debug|Any CPU
		{82F72757-A6D5-4E6E-9912-95CBC3EDAE71}.Release|Any CPU.ActiveCfg = Release|Any CPU
		{82F72757-A6D5-4E6E-9912-95CBC3EDAE71}.Release|Any CPU.Build.0 = Release|Any CPU
	EndGlobalSection
	GlobalSection(SolutionProperties) = preSolution
		HideSolutionNode = FALSE
	EndGlobalSection
	GlobalSection(ExtensibilityGlobals) = postSolution
		SolutionGuid = {3C0FB8E7-E362-4623-8998-CFB5C7310FF2}
	EndGlobalSection
EndGlobal
